<?xml version="1.0" encoding="utf-8"?>
<Project ToolsVersion="4.0" xmlns="http://schemas.microsoft.com/developer/msbuild/2003">
  <ItemGroup>
    <Filter Include="Source Files">
      <UniqueIdentifier>{4FC737F1-C7A5-4376-A066-2A32D752A2FF}</UniqueIdentifier>
      <Extensions>cpp;c;cc;cxx;def;odl;idl;hpj;bat;asm;asmx</Extensions>
    </Filter>
    <Filter Include="Header Files">
      <UniqueIdentifier>{93995380-89BD-4b04-88EB-625FBE52EBFB}</UniqueIdentifier>
      <Extensions>h;hpp;hxx;hm;inl;inc;xsd</Extensions>
    </Filter>
    <Filter Include="Resource Files">
      <UniqueIdentifier>{67DA6AB6-F800-4c08-8B7A-83BB121AAD01}</UniqueIdentifier>
      <Extensions>rc;ico;cur;bmp;dlg;rc2;rct;bin;rgs;gif;jpg;jpeg;jpe;resx;tiff;tif;png;wav;mfcribbon-ms</Extensions>
    </Filter>
    <Filter Include="Header Files\SceneReader">
      <UniqueIdentifier>{9df7cc08-532b-4492-af5d-7aee739a1c68}</UniqueIdentifier>
    </Filter>
    <Filter Include="Source Files\SceneReader">
      <UniqueIdentifier>{f791977c-9e3b-4c8d-950e-d695cd059b16}</UniqueIdentifier>
    </Filter>
    <Filter Include="Header Files\RenderTarget">
      <UniqueIdentifier>{d566a43f-8c2c-4f0d-b67b-8186d19ba844}</UniqueIdentifier>
    </Filter>
    <Filter Include="Source Files\RenderTarget">
      <UniqueIdentifier>{9b76794d-cbe7-452c-87cb-da53b7da03bc}</UniqueIdentifier>
    </Filter>
    <Filter Include="Header Files\Scene">
      <UniqueIdentifier>{ff8126cf-1bd5-41dc-8dc1-70e2ac5bde3d}</UniqueIdentifier>
    </Filter>
    <Filter Include="Header Files\String">
      <UniqueIdentifier>{19b51dfd-43c5-458f-b3eb-d12dbf97bce1}</UniqueIdentifier>
    </Filter>
    <Filter Include="Source Files\Scene">
      <UniqueIdentifier>{e1a365ce-e5bb-49c9-9397-f57a52bb19de}</UniqueIdentifier>
    </Filter>
    <Filter Include="Source Files\String">
      <UniqueIdentifier>{63b736a0-1de9-408b-9fd9-f1875d30372b}</UniqueIdentifier>
    </Filter>
    <Filter Include="Header Files\Scene\Primitives">
      <UniqueIdentifier>{5894ef7b-1812-43b8-8f42-328f9187fa90}</UniqueIdentifier>
    </Filter>
    <Filter Include="Source Files\Scene\Primitives">
      <UniqueIdentifier>{45bd158d-7a9c-42f7-8015-0d87d0b2fad1}</UniqueIdentifier>
    </Filter>
  </ItemGroup>
  <ItemGroup>
    <ClInclude Include="include\RayTracer\Ray.h">
      <Filter>Header Files</Filter>
    </ClInclude>
    <ClInclude Include="include\RayTracer\SceneReader\SceneParser.h">
      <Filter>Header Files\SceneReader</Filter>
    </ClInclude>
    <ClInclude Include="include\RayTracer\SceneReader\ObjParser.h">
      <Filter>Header Files\SceneReader</Filter>
    </ClInclude>
    <ClInclude Include="include\RayTracer\SceneReader\SceneReader.h">
      <Filter>Header Files\SceneReader</Filter>
    </ClInclude>
    <ClInclude Include="include\RayTracer\SceneReader\ISceneLoader.h">
      <Filter>Header Files\SceneReader</Filter>
    </ClInclude>
    <ClInclude Include="include\RayTracer\RenderTarget\IRenderTarget.h">
      <Filter>Header Files\RenderTarget</Filter>
    </ClInclude>
    <ClInclude Include="include\RayTracer\RenderTarget\RayTraceImage.h">
      <Filter>Header Files\RenderTarget</Filter>
    </ClInclude>
    <ClInclude Include="include\RayTracer\Scene\Scene.h">
      <Filter>Header Files\Scene</Filter>
    </ClInclude>
    <ClInclude Include="include\RayTracer\Scene\Camera.h">
      <Filter>Header Files\Scene</Filter>
    </ClInclude>
    <ClInclude Include="include\RayTracer\RayTracer.h">
      <Filter>Header Files</Filter>
    </ClInclude>
    <ClInclude Include="include\String\StringHelper.h">
      <Filter>Header Files\String</Filter>
    </ClInclude>
    <ClInclude Include="include\RayTracer\Scene\Material.h">
      <Filter>Header Files\Scene</Filter>
    </ClInclude>
    <ClInclude Include="include\RayTracer\AssimpToRaytracerTypes.h">
      <Filter>Header Files</Filter>
    </ClInclude>
    <ClInclude Include="include\RayTracer\Scene\Primitives\Sphere.h">
      <Filter>Header Files\Scene\Primitives</Filter>
    </ClInclude>
    <ClInclude Include="include\RayTracer\Scene\Primitives\Triangle.h">
      <Filter>Header Files\Scene\Primitives</Filter>
    </ClInclude>
    <ClInclude Include="include\RayTracer\Scene\Primitives\Primitive.h">
      <Filter>Header Files\Scene\Primitives</Filter>
    </ClInclude>
    <ClInclude Include="include\RayTracer\Scene\Light.h">
      <Filter>Header Files\Scene</Filter>
    </ClInclude>
    <ClInclude Include="include\RayTracer\glm_includes.h">
      <Filter>Header Files</Filter>
    </ClInclude>
  </ItemGroup>
  <ItemGroup>
    <ClCompile Include="src\main.cpp">
      <Filter>Source Files</Filter>
    </ClCompile>
    <ClCompile Include="src\RayTracer.cpp">
      <Filter>Source Files</Filter>
    </ClCompile>
    <ClCompile Include="src\String\StringHelper.cpp">
      <Filter>Source Files\String</Filter>
    </ClCompile>
    <ClCompile Include="src\SceneReader\ObjParser.cpp">
      <Filter>Source Files\SceneReader</Filter>
    </ClCompile>
    <ClCompile Include="src\SceneReader\SceneParser.cpp">
      <Filter>Source Files\SceneReader</Filter>
    </ClCompile>
    <ClCompile Include="src\SceneReader\SceneReader.cpp">
      <Filter>Source Files\SceneReader</Filter>
    </ClCompile>
    <ClCompile Include="src\Scene\Scene.cpp">
      <Filter>Source Files\Scene</Filter>
    </ClCompile>
    <ClCompile Include="src\RenderTarget\RayTraceImage.cpp">
      <Filter>Source Files\RenderTarget</Filter>
    </ClCompile>
    <ClCompile Include="src\Scene\Material.cpp">
      <Filter>Source Files\Scene</Filter>
    </ClCompile>
    <ClCompile Include="src\AssimpToRaytracerTypes.cpp">
      <Filter>Source Files</Filter>
    </ClCompile>
    <ClCompile Include="src\Scene\Light.cpp">
      <Filter>Source Files\Scene</Filter>
    </ClCompile>
    <ClCompile Include="src\Scene\Primitives\Triangle.cpp">
      <Filter>Source Files\Scene\Primitives</Filter>
    </ClCompile>
    <ClCompile Include="src\Scene\Primitives\Sphere.cpp">
      <Filter>Source Files\Scene\Primitives</Filter>
    </ClCompile>
  </ItemGroup>
</Project>